
Microsoft Visual Studio Solution File, Format Version 12.00
# Visual Studio Version 16
VisualStudioVersion = 16.0.30804.86
MinimumVisualStudioVersion = 10.0.40219.1
Project("{9A19103F-16F7-4668-BE54-9A1E7A4F7556}") = "ora_lob_unload", "ora_lob_unload\ora_lob_unload.csproj", "{3BC1ED4C-B50A-4106-B548-7E2D9D810A15}"
EndProject
Project("{2150E333-8FDC-42A3-9474-1A3956D46DE8}") = "Solution Items", "Solution Items", "{9B3E2D7C-5368-4DFA-BEAC-5E800C29069E}"
	ProjectSection(SolutionItems) = preProject
		.editorconfig = .editorconfig
	EndProjectSection
EndProject
Project("{9A19103F-16F7-4668-BE54-9A1E7A4F7556}") = "ora_lob_unload_tests", "ora_lob_unload_tests\ora_lob_unload_tests.csproj", "{6B7D73B1-7BE7-4DBF-BA8D-F81E0D2E4695}"
EndProject
Project("{FAE04EC0-301F-11D3-BF4B-00C04F79EFBC}") = "stream_converters", "stream_converters\stream_converters.csproj", "{87C937BB-9B3C-4748-9139-1C532AC50631}"
EndProject
Global
	GlobalSection(SolutionConfigurationPlatforms) = preSolution
		Debug|Any CPU = Debug|Any CPU
		Release|Any CPU = Release|Any CPU
	EndGlobalSection
	GlobalSection(ProjectConfigurationPlatforms) = postSolution
		{3BC1ED4C-B50A-4106-B548-7E2D9D810A15}.Debug|Any CPU.ActiveCfg = Debug|Any CPU
		{3BC1ED4C-B50A-4106-B548-7E2D9D810A15}.Debug|Any CPU.Build.0 = Debug|Any CPU
		{3BC1ED4C-B50A-4106-B548-7E2D9D810A15}.Release|Any CPU.ActiveCfg = Release|Any CPU
		{3BC1ED4C-B50A-4106-B548-7E2D9D810A15}.Release|Any CPU.Build.0 = Release|Any CPU
		{6B7D73B1-7BE7-4DBF-BA8D-F81E0D2E4695}.Debug|Any CPU.ActiveCfg = Debug|Any CPU
		{6B7D73B1-7BE7-4DBF-BA8D-F81E0D2E4695}.Debug|Any CPU.Build.0 = Debug|Any CPU
		{6B7D73B1-7BE7-4DBF-BA8D-F81E0D2E4695}.Release|Any CPU.ActiveCfg = Release|Any CPU
		{6B7D73B1-7BE7-4DBF-BA8D-F81E0D2E4695}.Release|Any CPU.Build.0 = Release|Any CPU
		{87C937BB-9B3C-4748-9139-1C532AC50631}.Debug|Any CPU.ActiveCfg = Debug|Any CPU
		{87C937BB-9B3C-4748-9139-1C532AC50631}.Debug|Any CPU.Build.0 = Debug|Any CPU
		{87C937BB-9B3C-4748-9139-1C532AC50631}.Release|Any CPU.ActiveCfg = Release|Any CPU
		{87C937BB-9B3C-4748-9139-1C532AC50631}.Release|Any CPU.Build.0 = Release|Any CPU
	EndGlobalSection
	GlobalSection(SolutionProperties) = preSolution
		HideSolutionNode = FALSE
	EndGlobalSection
	GlobalSection(ExtensibilityGlobals) = postSolution
		SolutionGuid = {AA794C65-7B42-4E22-8C33-BEEAF8B112B8}
	EndGlobalSection
EndGlobal
