
Microsoft Visual Studio Solution File, Format Version 12.00
# Visual Studio Version 17
VisualStudioVersion = 17.2.32630.192
MinimumVisualStudioVersion = 10.0.40219.1
Project("{9A19103F-16F7-4668-BE54-9A1E7A4F7556}") = "OraLobUnload", "ora_lob_unload\OraLobUnload.csproj", "{3BC1ED4C-B50A-4106-B548-7E2D9D810A15}"
EndProject
Project("{9A19103F-16F7-4668-BE54-9A1E7A4F7556}") = "stream_converters", "stream_converters\stream_converters.csproj", "{87C937BB-9B3C-4748-9139-1C532AC50631}"
EndProject
Global
	GlobalSection(SolutionConfigurationPlatforms) = preSolution
		Debug|Any CPU = Debug|Any CPU
		Release|Any CPU = Release|Any CPU
	EndGlobalSection
	GlobalSection(ProjectConfigurationPlatforms) = postSolution
		{3BC1ED4C-B50A-4106-B548-7E2D9D810A15}.Debug|Any CPU.ActiveCfg = Debug|Any CPU
		{3BC1ED4C-B50A-4106-B548-7E2D9D810A15}.Debug|Any CPU.Build.0 = Debug|Any CPU
		{3BC1ED4C-B50A-4106-B548-7E2D9D810A15}.Release|Any CPU.ActiveCfg = Release|Any CPU
		{3BC1ED4C-B50A-4106-B548-7E2D9D810A15}.Release|Any CPU.Build.0 = Release|Any CPU
		{87C937BB-9B3C-4748-9139-1C532AC50631}.Debug|Any CPU.ActiveCfg = Debug|Any CPU
		{87C937BB-9B3C-4748-9139-1C532AC50631}.Debug|Any CPU.Build.0 = Debug|Any CPU
		{87C937BB-9B3C-4748-9139-1C532AC50631}.Release|Any CPU.ActiveCfg = Release|Any CPU
		{87C937BB-9B3C-4748-9139-1C532AC50631}.Release|Any CPU.Build.0 = Release|Any CPU
	EndGlobalSection
	GlobalSection(SolutionProperties) = preSolution
		HideSolutionNode = FALSE
	EndGlobalSection
	GlobalSection(ExtensibilityGlobals) = postSolution
		SolutionGuid = {AA794C65-7B42-4E22-8C33-BEEAF8B112B8}
	EndGlobalSection
EndGlobal
